// !$*UTF8*$!
{
	archiveVersion = 1;
	classes = {
	};
	objectVersion = 50;
	objects = {

/* Begin PBXBuildFile section */
		24172DDB232AA348003E5624 /* Calendar.Identifier.swift in Sources */ = {isa = PBXBuildFile; fileRef = 24172DDA232AA348003E5624 /* Calendar.Identifier.swift */; };
		24172DDD232AA3B6003E5624 /* Picker+CaseIterable.swift in Sources */ = {isa = PBXBuildFile; fileRef = 24172DDC232AA3B6003E5624 /* Picker+CaseIterable.swift */; };
		24172DE1232AA695003E5624 /* TimeZone.Identifier.swift in Sources */ = {isa = PBXBuildFile; fileRef = 24172DE0232AA695003E5624 /* TimeZone.Identifier.swift */; };
		247E9384232A9FD900525685 /* AppDelegate.swift in Sources */ = {isa = PBXBuildFile; fileRef = 247E9383232A9FD900525685 /* AppDelegate.swift */; };
		247E9386232A9FD900525685 /* SceneDelegate.swift in Sources */ = {isa = PBXBuildFile; fileRef = 247E9385232A9FD900525685 /* SceneDelegate.swift */; };
		247E9388232A9FD900525685 /* ContentView.swift in Sources */ = {isa = PBXBuildFile; fileRef = 247E9387232A9FD900525685 /* ContentView.swift */; };
		247E938A232A9FDA00525685 /* Assets.xcassets in Resources */ = {isa = PBXBuildFile; fileRef = 247E9389232A9FDA00525685 /* Assets.xcassets */; };
		247E938D232A9FDA00525685 /* Preview Assets.xcassets in Resources */ = {isa = PBXBuildFile; fileRef = 247E938C232A9FDA00525685 /* Preview Assets.xcassets */; };
		247E9390232A9FDA00525685 /* LaunchScreen.storyboard in Resources */ = {isa = PBXBuildFile; fileRef = 247E938E232A9FDA00525685 /* LaunchScreen.storyboard */; };
		247E939A232AA00300525685 /* CalendarPicker.swift in Sources */ = {isa = PBXBuildFile; fileRef = 247E9399232AA00300525685 /* CalendarPicker.swift */; };
/* End PBXBuildFile section */

/* Begin PBXFileReference section */
		24172DDA232AA348003E5624 /* Calendar.Identifier.swift */ = {isa = PBXFileReference; lastKnownFileType = sourcecode.swift; path = Calendar.Identifier.swift; sourceTree = "<group>"; };
		24172DDC232AA3B6003E5624 /* Picker+CaseIterable.swift */ = {isa = PBXFileReference; lastKnownFileType = sourcecode.swift; path = "Picker+CaseIterable.swift"; sourceTree = "<group>"; };
		24172DE0232AA695003E5624 /* TimeZone.Identifier.swift */ = {isa = PBXFileReference; lastKnownFileType = sourcecode.swift; path = TimeZone.Identifier.swift; sourceTree = "<group>"; };
		247E9380232A9FD900525685 /* Time Calculator.app */ = {isa = PBXFileReference; explicitFileType = wrapper.application; includeInIndex = 0; path = "Time Calculator.app"; sourceTree = BUILT_PRODUCTS_DIR; };
		247E9383232A9FD900525685 /* AppDelegate.swift */ = {isa = PBXFileReference; lastKnownFileType = sourcecode.swift; path = AppDelegate.swift; sourceTree = "<group>"; };
		247E9385232A9FD900525685 /* SceneDelegate.swift */ = {isa = PBXFileReference; lastKnownFileType = sourcecode.swift; path = SceneDelegate.swift; sourceTree = "<group>"; };
		247E9387232A9FD900525685 /* ContentView.swift */ = {isa = PBXFileReference; lastKnownFileType = sourcecode.swift; path = ContentView.swift; sourceTree = "<group>"; };
		247E9389232A9FDA00525685 /* Assets.xcassets */ = {isa = PBXFileReference; lastKnownFileType = folder.assetcatalog; path = Assets.xcassets; sourceTree = "<group>"; };
		247E938C232A9FDA00525685 /* Preview Assets.xcassets */ = {isa = PBXFileReference; lastKnownFileType = folder.assetcatalog; path = "Preview Assets.xcassets"; sourceTree = "<group>"; };
		247E938F232A9FDA00525685 /* Base */ = {isa = PBXFileReference; lastKnownFileType = file.storyboard; name = Base; path = Base.lproj/LaunchScreen.storyboard; sourceTree = "<group>"; };
		247E9391232A9FDA00525685 /* Info.plist */ = {isa = PBXFileReference; lastKnownFileType = text.plist.xml; path = Info.plist; sourceTree = "<group>"; };
		247E9399232AA00300525685 /* CalendarPicker.swift */ = {isa = PBXFileReference; lastKnownFileType = sourcecode.swift; path = CalendarPicker.swift; sourceTree = "<group>"; };
/* End PBXFileReference section */

/* Begin PBXFrameworksBuildPhase section */
		247E937D232A9FD900525685 /* Frameworks */ = {
			isa = PBXFrameworksBuildPhase;
			buildActionMask = 2147483647;
			files = (
			);
			runOnlyForDeploymentPostprocessing = 0;
		};
/* End PBXFrameworksBuildPhase section */

/* Begin PBXGroup section */
		247E9377232A9FD900525685 = {
			isa = PBXGroup;
			children = (
				247E9382232A9FD900525685 /* Time Calculator */,
				247E9381232A9FD900525685 /* Products */,
			);
			sourceTree = "<group>";
		};
		247E9381232A9FD900525685 /* Products */ = {
			isa = PBXGroup;
			children = (
				247E9380232A9FD900525685 /* Time Calculator.app */,
			);
			name = Products;
			sourceTree = "<group>";
		};
		247E9382232A9FD900525685 /* Time Calculator */ = {
			isa = PBXGroup;
			children = (
				247E9383232A9FD900525685 /* AppDelegate.swift */,
				247E9385232A9FD900525685 /* SceneDelegate.swift */,
				247E9387232A9FD900525685 /* ContentView.swift */,
				247E9389232A9FDA00525685 /* Assets.xcassets */,
				247E938E232A9FDA00525685 /* LaunchScreen.storyboard */,
				247E9391232A9FDA00525685 /* Info.plist */,
				247E938B232A9FDA00525685 /* Preview Content */,
				247E9399232AA00300525685 /* CalendarPicker.swift */,
				24172DDC232AA3B6003E5624 /* Picker+CaseIterable.swift */,
				24172DDA232AA348003E5624 /* Calendar.Identifier.swift */,
				24172DE0232AA695003E5624 /* TimeZone.Identifier.swift */,
			);
			path = "Time Calculator";
			sourceTree = "<group>";
		};
		247E938B232A9FDA00525685 /* Preview Content */ = {
			isa = PBXGroup;
			children = (
				247E938C232A9FDA00525685 /* Preview Assets.xcassets */,
			);
			path = "Preview Content";
			sourceTree = "<group>";
		};
/* End PBXGroup section */

/* Begin PBXNativeTarget section */
		247E937F232A9FD900525685 /* Time Calculator */ = {
			isa = PBXNativeTarget;
			buildConfigurationList = 247E9394232A9FDA00525685 /* Build configuration list for PBXNativeTarget "Time Calculator" */;
			buildPhases = (
				247E937C232A9FD900525685 /* Sources */,
				247E937D232A9FD900525685 /* Frameworks */,
				247E937E232A9FD900525685 /* Resources */,
			);
			buildRules = (
			);
			dependencies = (
			);
			name = "Time Calculator";
			productName = Time;
			productReference = 247E9380232A9FD900525685 /* Time Calculator.app */;
			productType = "com.apple.product-type.application";
		};
/* End PBXNativeTarget section */

/* Begin PBXProject section */
		247E9378232A9FD900525685 /* Project object */ = {
			isa = PBXProject;
			attributes = {
				LastSwiftUpdateCheck = 1100;
				LastUpgradeCheck = 1100;
				ORGANIZATIONNAME = "Daniel Tull";
				TargetAttributes = {
					247E937F232A9FD900525685 = {
						CreatedOnToolsVersion = 11.0;
					};
				};
			};
			buildConfigurationList = 247E937B232A9FD900525685 /* Build configuration list for PBXProject "Time Calculator" */;
			compatibilityVersion = "Xcode 9.3";
			developmentRegion = en;
			hasScannedForEncodings = 0;
			knownRegions = (
				en,
				Base,
			);
			mainGroup = 247E9377232A9FD900525685;
			productRefGroup = 247E9381232A9FD900525685 /* Products */;
			projectDirPath = "";
			projectRoot = "";
			targets = (
				247E937F232A9FD900525685 /* Time Calculator */,
			);
		};
/* End PBXProject section */

/* Begin PBXResourcesBuildPhase section */
		247E937E232A9FD900525685 /* Resources */ = {
			isa = PBXResourcesBuildPhase;
			buildActionMask = 2147483647;
			files = (
				247E9390232A9FDA00525685 /* LaunchScreen.storyboard in Resources */,
				247E938D232A9FDA00525685 /* Preview Assets.xcassets in Resources */,
				247E938A232A9FDA00525685 /* Assets.xcassets in Resources */,
			);
			runOnlyForDeploymentPostprocessing = 0;
		};
/* End PBXResourcesBuildPhase section */

/* Begin PBXSourcesBuildPhase section */
		247E937C232A9FD900525685 /* Sources */ = {
			isa = PBXSourcesBuildPhase;
			buildActionMask = 2147483647;
			files = (
				24172DDB232AA348003E5624 /* Calendar.Identifier.swift in Sources */,
				24172DE1232AA695003E5624 /* TimeZone.Identifier.swift in Sources */,
				247E9384232A9FD900525685 /* AppDelegate.swift in Sources */,
				247E9386232A9FD900525685 /* SceneDelegate.swift in Sources */,
				247E9388232A9FD900525685 /* ContentView.swift in Sources */,
				247E939A232AA00300525685 /* CalendarPicker.swift in Sources */,
				24172DDD232AA3B6003E5624 /* Picker+CaseIterable.swift in Sources */,
			);
			runOnlyForDeploymentPostprocessing = 0;
		};
/* End PBXSourcesBuildPhase section */

/* Begin PBXVariantGroup section */
		247E938E232A9FDA00525685 /* LaunchScreen.storyboard */ = {
			isa = PBXVariantGroup;
			children = (
				247E938F232A9FDA00525685 /* Base */,
			);
			name = LaunchScreen.storyboard;
			sourceTree = "<group>";
		};
/* End PBXVariantGroup section */

/* Begin XCBuildConfiguration section */
		247E9392232A9FDA00525685 /* Debug */ = {
			isa = XCBuildConfiguration;
			buildSettings = {
				ALWAYS_SEARCH_USER_PATHS = NO;
				CLANG_ANALYZER_NONNULL = YES;
				CLANG_ANALYZER_NUMBER_OBJECT_CONVERSION = YES_AGGRESSIVE;
				CLANG_CXX_LANGUAGE_STANDARD = "gnu++14";
				CLANG_CXX_LIBRARY = "libc++";
				CLANG_ENABLE_MODULES = YES;
				CLANG_ENABLE_OBJC_ARC = YES;
				CLANG_ENABLE_OBJC_WEAK = YES;
				CLANG_WARN_BLOCK_CAPTURE_AUTORELEASING = YES;
				CLANG_WARN_BOOL_CONVERSION = YES;
				CLANG_WARN_COMMA = YES;
				CLANG_WARN_CONSTANT_CONVERSION = YES;
				CLANG_WARN_DEPRECATED_OBJC_IMPLEMENTATIONS = YES;
				CLANG_WARN_DIRECT_OBJC_ISA_USAGE = YES_ERROR;
				CLANG_WARN_DOCUMENTATION_COMMENTS = YES;
				CLANG_WARN_EMPTY_BODY = YES;
				CLANG_WARN_ENUM_CONVERSION = YES;
				CLANG_WARN_INFINITE_RECURSION = YES;
				CLANG_WARN_INT_CONVERSION = YES;
				CLANG_WARN_NON_LITERAL_NULL_CONVERSION = YES;
				CLANG_WARN_OBJC_IMPLICIT_RETAIN_SELF = YES;
				CLANG_WARN_OBJC_LITERAL_CONVERSION = YES;
				CLANG_WARN_OBJC_ROOT_CLASS = YES_ERROR;
				CLANG_WARN_RANGE_LOOP_ANALYSIS = YES;
				CLANG_WARN_STRICT_PROTOTYPES = YES;
				CLANG_WARN_SUSPICIOUS_MOVE = YES;
				CLANG_WARN_UNGUARDED_AVAILABILITY = YES_AGGRESSIVE;
				CLANG_WARN_UNREACHABLE_CODE = YES;
				CLANG_WARN__DUPLICATE_METHOD_MATCH = YES;
				COPY_PHASE_STRIP = NO;
				DEBUG_INFORMATION_FORMAT = dwarf;
				ENABLE_STRICT_OBJC_MSGSEND = YES;
				ENABLE_TESTABILITY = YES;
				GCC_C_LANGUAGE_STANDARD = gnu11;
				GCC_DYNAMIC_NO_PIC = NO;
				GCC_NO_COMMON_BLOCKS = YES;
				GCC_OPTIMIZATION_LEVEL = 0;
				GCC_PREPROCESSOR_DEFINITIONS = (
					"DEBUG=1",
					"$(inherited)",
				);
				GCC_WARN_64_TO_32_BIT_CONVERSION = YES;
				GCC_WARN_ABOUT_RETURN_TYPE = YES_ERROR;
				GCC_WARN_UNDECLARED_SELECTOR = YES;
				GCC_WARN_UNINITIALIZED_AUTOS = YES_AGGRESSIVE;
				GCC_WARN_UNUSED_FUNCTION = YES;
				GCC_WARN_UNUSED_VARIABLE = YES;
				IPHONEOS_DEPLOYMENT_TARGET = 13.0;
				MTL_ENABLE_DEBUG_INFO = INCLUDE_SOURCE;
				MTL_FAST_MATH = YES;
				ONLY_ACTIVE_ARCH = YES;
				SDKROOT = iphoneos;
				SWIFT_ACTIVE_COMPILATION_CONDITIONS = DEBUG;
				SWIFT_OPTIMIZATION_LEVEL = "-Onone";
			};
			name = Debug;
		};
		247E9393232A9FDA00525685 /* Release */ = {
			isa = XCBuildConfiguration;
			buildSettings = {
				ALWAYS_SEARCH_USER_PATHS = NO;
				CLANG_ANALYZER_NONNULL = YES;
				CLANG_ANALYZER_NUMBER_OBJECT_CONVERSION = YES_AGGRESSIVE;
				CLANG_CXX_LANGUAGE_STANDARD = "gnu++14";
				CLANG_CXX_LIBRARY = "libc++";
				CLANG_ENABLE_MODULES = YES;
				CLANG_ENABLE_OBJC_ARC = YES;
				CLANG_ENABLE_OBJC_WEAK = YES;
				CLANG_WARN_BLOCK_CAPTURE_AUTORELEASING = YES;
				CLANG_WARN_BOOL_CONVERSION = YES;
				CLANG_WARN_COMMA = YES;
				CLANG_WARN_CONSTANT_CONVERSION = YES;
				CLANG_WARN_DEPRECATED_OBJC_IMPLEMENTATIONS = YES;
				CLANG_WARN_DIRECT_OBJC_ISA_USAGE = YES_ERROR;
				CLANG_WARN_DOCUMENTATION_COMMENTS = YES;
				CLANG_WARN_EMPTY_BODY = YES;
				CLANG_WARN_ENUM_CONVERSION = YES;
				CLANG_WARN_INFINITE_RECURSION = YES;
				CLANG_WARN_INT_CONVERSION = YES;
				CLANG_WARN_NON_LITERAL_NULL_CONVERSION = YES;
				CLANG_WARN_OBJC_IMPLICIT_RETAIN_SELF = YES;
				CLANG_WARN_OBJC_LITERAL_CONVERSION = YES;
				CLANG_WARN_OBJC_ROOT_CLASS = YES_ERROR;
				CLANG_WARN_RANGE_LOOP_ANALYSIS = YES;
				CLANG_WARN_STRICT_PROTOTYPES = YES;
				CLANG_WARN_SUSPICIOUS_MOVE = YES;
				CLANG_WARN_UNGUARDED_AVAILABILITY = YES_AGGRESSIVE;
				CLANG_WARN_UNREACHABLE_CODE = YES;
				CLANG_WARN__DUPLICATE_METHOD_MATCH = YES;
				COPY_PHASE_STRIP = NO;
				DEBUG_INFORMATION_FORMAT = "dwarf-with-dsym";
				ENABLE_NS_ASSERTIONS = NO;
				ENABLE_STRICT_OBJC_MSGSEND = YES;
				GCC_C_LANGUAGE_STANDARD = gnu11;
				GCC_NO_COMMON_BLOCKS = YES;
				GCC_WARN_64_TO_32_BIT_CONVERSION = YES;
				GCC_WARN_ABOUT_RETURN_TYPE = YES_ERROR;
				GCC_WARN_UNDECLARED_SELECTOR = YES;
				GCC_WARN_UNINITIALIZED_AUTOS = YES_AGGRESSIVE;
				GCC_WARN_UNUSED_FUNCTION = YES;
				GCC_WARN_UNUSED_VARIABLE = YES;
				IPHONEOS_DEPLOYMENT_TARGET = 13.0;
				MTL_ENABLE_DEBUG_INFO = NO;
				MTL_FAST_MATH = YES;
				SDKROOT = iphoneos;
				SWIFT_COMPILATION_MODE = wholemodule;
				SWIFT_OPTIMIZATION_LEVEL = "-O";
				VALIDATE_PRODUCT = YES;
			};
			name = Release;
		};
		247E9395232A9FDA00525685 /* Debug */ = {
			isa = XCBuildConfiguration;
			buildSettings = {
				ASSETCATALOG_COMPILER_APPICON_NAME = AppIcon;
				CODE_SIGN_STYLE = Automatic;
				DEVELOPMENT_ASSET_PATHS = "\"Time Calculator/Preview Content\"";
				DEVELOPMENT_TEAM = B2M757K4LG;
				ENABLE_PREVIEWS = YES;
				INFOPLIST_FILE = "Time Calculator/Info.plist";
				LD_RUNPATH_SEARCH_PATHS = (
					"$(inherited)",
					"@executable_path/Frameworks",
				);
				PRODUCT_BUNDLE_IDENTIFIER = "uk.co.danieltull.Time-Calculator";
				PRODUCT_NAME = "$(TARGET_NAME)";
				SWIFT_VERSION = 5.0;
				TARGETED_DEVICE_FAMILY = "1,2";
			};
			name = Debug;
		};
		247E9396232A9FDA00525685 /* Release */ = {
			isa = XCBuildConfiguration;
			buildSettings = {
				ASSETCATALOG_COMPILER_APPICON_NAME = AppIcon;
				CODE_SIGN_STYLE = Automatic;
				DEVELOPMENT_ASSET_PATHS = "\"Time Calculator/Preview Content\"";
				DEVELOPMENT_TEAM = B2M757K4LG;
				ENABLE_PREVIEWS = YES;
				INFOPLIST_FILE = "Time Calculator/Info.plist";
				LD_RUNPATH_SEARCH_PATHS = (
					"$(inherited)",
					"@executable_path/Frameworks",
				);
				PRODUCT_BUNDLE_IDENTIFIER = "uk.co.danieltull.Time-Calculator";
				PRODUCT_NAME = "$(TARGET_NAME)";
				SWIFT_VERSION = 5.0;
				TARGETED_DEVICE_FAMILY = "1,2";
			};
			name = Release;
		};
/* End XCBuildConfiguration section */

/* Begin XCConfigurationList section */
		247E937B232A9FD900525685 /* Build configuration list for PBXProject "Time Calculator" */ = {
			isa = XCConfigurationList;
			buildConfigurations = (
				247E9392232A9FDA00525685 /* Debug */,
				247E9393232A9FDA00525685 /* Release */,
			);
			defaultConfigurationIsVisible = 0;
			defaultConfigurationName = Release;
		};
		247E9394232A9FDA00525685 /* Build configuration list for PBXNativeTarget "Time Calculator" */ = {
			isa = XCConfigurationList;
			buildConfigurations = (
				247E9395232A9FDA00525685 /* Debug */,
				247E9396232A9FDA00525685 /* Release */,
			);
			defaultConfigurationIsVisible = 0;
			defaultConfigurationName = Release;
		};
/* End XCConfigurationList section */
	};
	rootObject = 247E9378232A9FD900525685 /* Project object */;
}
